
Microsoft Visual Studio Solution File, Format Version 12.00
# Visual Studio Version 16
VisualStudioVersion = 16.0.810.7
MinimumVisualStudioVersion = 10.0.40219.1
Project("{FAE04EC0-301F-11D3-BF4B-00C04F79EFBC}") = "BirdWebsightings", "BirdWebsightings\BirdWebsightings.csproj", "{6FF2BA57-625F-4F6F-943B-E620AA690013}"
EndProject
Global
	GlobalSection(SolutionConfigurationPlatforms) = preSolution
		Debug|Any CPU = Debug|Any CPU
		Release|Any CPU = Release|Any CPU
	EndGlobalSection
	GlobalSection(ProjectConfigurationPlatforms) = postSolution
		{6FF2BA57-625F-4F6F-943B-E620AA690013}.Debug|Any CPU.ActiveCfg = Debug|Any CPU
		{6FF2BA57-625F-4F6F-943B-E620AA690013}.Debug|Any CPU.Build.0 = Debug|Any CPU
		{6FF2BA57-625F-4F6F-943B-E620AA690013}.Release|Any CPU.ActiveCfg = Release|Any CPU
		{6FF2BA57-625F-4F6F-943B-E620AA690013}.Release|Any CPU.Build.0 = Release|Any CPU
	EndGlobalSection
	GlobalSection(SolutionProperties) = preSolution
		HideSolutionNode = FALSE
	EndGlobalSection
	GlobalSection(ExtensibilityGlobals) = postSolution
		SolutionGuid = {3DE91085-F3EA-484E-8381-C965777A67B3}
	EndGlobalSection
EndGlobal
